
Microsoft Visual Studio Solution File, Format Version 12.00
# Visual Studio Version 17
VisualStudioVersion = 17.6.33815.320
MinimumVisualStudioVersion = 10.0.40219.1
Project("{FAE04EC0-301F-11D3-BF4B-00C04F79EFBC}") = "QL_Cham_Cong_TT", "QL_Cham_Cong_TT\QL_Cham_Cong_TT.csproj", "{078ABAC5-D571-4DCA-8889-22F2AC4087B0}"
EndProject
Project("{54435603-DBB4-11D2-8724-00A0C9A8B90C}") = "QLCC", "QLCC\QLCC.vdproj", "{2FD81B9A-92AC-4930-BB8E-62B0F87D6FC1}"
EndProject
Global
	GlobalSection(SolutionConfigurationPlatforms) = preSolution
		Debug|Any CPU = Debug|Any CPU
		Release|Any CPU = Release|Any CPU
	EndGlobalSection
	GlobalSection(ProjectConfigurationPlatforms) = postSolution
		{078ABAC5-D571-4DCA-8889-22F2AC4087B0}.Debug|Any CPU.ActiveCfg = Debug|Any CPU
		{078ABAC5-D571-4DCA-8889-22F2AC4087B0}.Debug|Any CPU.Build.0 = Debug|Any CPU
		{078ABAC5-D571-4DCA-8889-22F2AC4087B0}.Release|Any CPU.ActiveCfg = Release|Any CPU
		{078ABAC5-D571-4DCA-8889-22F2AC4087B0}.Release|Any CPU.Build.0 = Release|Any CPU
		{2FD81B9A-92AC-4930-BB8E-62B0F87D6FC1}.Debug|Any CPU.ActiveCfg = Debug
		{2FD81B9A-92AC-4930-BB8E-62B0F87D6FC1}.Release|Any CPU.ActiveCfg = Release
	EndGlobalSection
	GlobalSection(SolutionProperties) = preSolution
		HideSolutionNode = FALSE
	EndGlobalSection
	GlobalSection(ExtensibilityGlobals) = postSolution
		SolutionGuid = {F0539167-C2BE-4056-A899-A619CD3682C4}
	EndGlobalSection
EndGlobal
